
Microsoft Visual Studio Solution File, Format Version 12.00
# Visual Studio Version 17
VisualStudioVersion = 17.14.36408.4 d17.14
MinimumVisualStudioVersion = 10.0.40219.1
Project("{FAE04EC0-301F-11D3-BF4B-00C04F79EFBC}") = "Console.Clock", "Console.Clock\Console.Clock.csproj", "{867ADD55-C2F5-4C44-AFBB-5E3B70D23DC6}"
EndProject
Project("{FAE04EC0-301F-11D3-BF4B-00C04F79EFBC}") = "Clock", "Clock\Clock.csproj", "{7EA90CE3-D3D0-4151-9BDA-D0FB4DD7C53A}"
EndProject
Global
	GlobalSection(SolutionConfigurationPlatforms) = preSolution
		Debug|Any CPU = Debug|Any CPU
		Release|Any CPU = Release|Any CPU
	EndGlobalSection
	GlobalSection(ProjectConfigurationPlatforms) = postSolution
		{867ADD55-C2F5-4C44-AFBB-5E3B70D23DC6}.Debug|Any CPU.ActiveCfg = Debug|Any CPU
		{867ADD55-C2F5-4C44-AFBB-5E3B70D23DC6}.Debug|Any CPU.Build.0 = Debug|Any CPU
		{867ADD55-C2F5-4C44-AFBB-5E3B70D23DC6}.Release|Any CPU.ActiveCfg = Release|Any CPU
		{867ADD55-C2F5-4C44-AFBB-5E3B70D23DC6}.Release|Any CPU.Build.0 = Release|Any CPU
		{7EA90CE3-D3D0-4151-9BDA-D0FB4DD7C53A}.Debug|Any CPU.ActiveCfg = Debug|Any CPU
		{7EA90CE3-D3D0-4151-9BDA-D0FB4DD7C53A}.Debug|Any CPU.Build.0 = Debug|Any CPU
		{7EA90CE3-D3D0-4151-9BDA-D0FB4DD7C53A}.Release|Any CPU.ActiveCfg = Release|Any CPU
		{7EA90CE3-D3D0-4151-9BDA-D0FB4DD7C53A}.Release|Any CPU.Build.0 = Release|Any CPU
	EndGlobalSection
	GlobalSection(SolutionProperties) = preSolution
		HideSolutionNode = FALSE
	EndGlobalSection
	GlobalSection(ExtensibilityGlobals) = postSolution
		SolutionGuid = {20CDB60F-E4A5-4E42-A195-2986DED1131A}
	EndGlobalSection
EndGlobal
